
Microsoft Visual Studio Solution File, Format Version 12.00
# Visual Studio 15
VisualStudioVersion = 15.0.28307.572
MinimumVisualStudioVersion = 10.0.40219.1
Project("{FAE04EC0-301F-11D3-BF4B-00C04F79EFBC}") = "CuaHangSua", "CuaHangSua\CuaHangSua.csproj", "{81E82B9C-1E4D-4407-B648-7F6388C2B5C9}"
EndProject
Global
	GlobalSection(SolutionConfigurationPlatforms) = preSolution
		Debug|Any CPU = Debug|Any CPU
		Release|Any CPU = Release|Any CPU
	EndGlobalSection
	GlobalSection(ProjectConfigurationPlatforms) = postSolution
		{81E82B9C-1E4D-4407-B648-7F6388C2B5C9}.Debug|Any CPU.ActiveCfg = Debug|Any CPU
		{81E82B9C-1E4D-4407-B648-7F6388C2B5C9}.Debug|Any CPU.Build.0 = Debug|Any CPU
		{81E82B9C-1E4D-4407-B648-7F6388C2B5C9}.Release|Any CPU.ActiveCfg = Release|Any CPU
		{81E82B9C-1E4D-4407-B648-7F6388C2B5C9}.Release|Any CPU.Build.0 = Release|Any CPU
	EndGlobalSection
	GlobalSection(SolutionProperties) = preSolution
		HideSolutionNode = FALSE
	EndGlobalSection
	GlobalSection(ExtensibilityGlobals) = postSolution
		SolutionGuid = {EA21F053-C554-4EE9-AA64-5C2604E0533C}
	EndGlobalSection
EndGlobal
